
Microsoft Visual Studio Solution File, Format Version 12.00
# Visual Studio Version 17
VisualStudioVersion = 17.7.34003.232
MinimumVisualStudioVersion = 10.0.40219.1
Project("{FAE04EC0-301F-11D3-BF4B-00C04F79EFBC}") = "wcf_chat", "wcf_chat\wcf_chat.csproj", "{1C5A1F44-26DD-4D77-8EA5-94F037AD099A}"
EndProject
Global
	GlobalSection(SolutionConfigurationPlatforms) = preSolution
		Debug|Any CPU = Debug|Any CPU
		Release|Any CPU = Release|Any CPU
	EndGlobalSection
	GlobalSection(ProjectConfigurationPlatforms) = postSolution
		{1C5A1F44-26DD-4D77-8EA5-94F037AD099A}.Debug|Any CPU.ActiveCfg = Debug|Any CPU
		{1C5A1F44-26DD-4D77-8EA5-94F037AD099A}.Debug|Any CPU.Build.0 = Debug|Any CPU
		{1C5A1F44-26DD-4D77-8EA5-94F037AD099A}.Release|Any CPU.ActiveCfg = Release|Any CPU
		{1C5A1F44-26DD-4D77-8EA5-94F037AD099A}.Release|Any CPU.Build.0 = Release|Any CPU
	EndGlobalSection
	GlobalSection(SolutionProperties) = preSolution
		HideSolutionNode = FALSE
	EndGlobalSection
	GlobalSection(ExtensibilityGlobals) = postSolution
		SolutionGuid = {32765B68-F65C-4B0E-BA5A-73CFCD49F62D}
	EndGlobalSection
EndGlobal
